<?xml version="1.0" encoding="utf-8"?>
<Project ToolsVersion="4.0" xmlns="http://schemas.microsoft.com/developer/msbuild/2003">
  <ItemGroup>
    <Filter Include="Source Files">
      <UniqueIdentifier>{4FC737F1-C7A5-4376-A066-2A32D752A2FF}</UniqueIdentifier>
      <Extensions>cpp;c;cc;cxx;c++;cppm;ixx;def;odl;idl;hpj;bat;asm;asmx</Extensions>
    </Filter>
    <Filter Include="Header Files">
      <UniqueIdentifier>{93995380-89BD-4b04-88EB-625FBE52EBFB}</UniqueIdentifier>
      <Extensions>h;hh;hpp;hxx;h++;hm;inl;inc;ipp;xsd</Extensions>
    </Filter>
    <Filter Include="Resource Files">
      <UniqueIdentifier>{67DA6AB6-F800-4c08-8B7A-83BB121AAD01}</UniqueIdentifier>
      <Extensions>rc;ico;cur;bmp;dlg;rc2;rct;bin;rgs;gif;jpg;jpeg;jpe;resx;tiff;tif;png;wav;mfcribbon-ms</Extensions>
    </Filter>
  </ItemGroup>
  <ItemGroup>
    <ClCompile Include="include\mutex\mutex.cpp">
      <Filter>Source Files</Filter>
    </ClCompile>
    <ClCompile Include="include\service\ransom-serv.cpp">
      <Filter>Source Files</Filter>
    </ClCompile>
    <ClCompile Include="include\service\service.cpp">
      <Filter>Source Files</Filter>
    </ClCompile>
    <ClCompile Include="include\service\servicecontrol.cpp">
      <Filter>Source Files</Filter>
    </ClCompile>
    <ClCompile Include="include\service\serviceevent.cpp">
      <Filter>Source Files</Filter>
    </ClCompile>
    <ClCompile Include="CreateService.cpp">
      <Filter>Source Files</Filter>
    </ClCompile>
    <ClCompile Include="include\file\file.cpp">
      <Filter>Source Files</Filter>
    </ClCompile>
  </ItemGroup>
  <ItemGroup>
    <ClInclude Include="include\mutex\mutex.h">
      <Filter>Header Files</Filter>
    </ClInclude>
    <ClInclude Include="include\service\ransom-serv.h">
      <Filter>Header Files</Filter>
    </ClInclude>
    <ClInclude Include="include\service\service.h">
      <Filter>Header Files</Filter>
    </ClInclude>
    <ClInclude Include="include\service\servicecontrol.h">
      <Filter>Header Files</Filter>
    </ClInclude>
    <ClInclude Include="include\service\serviceevent.h">
      <Filter>Header Files</Filter>
    </ClInclude>
    <ClInclude Include="include\ulti\collections.h">
      <Filter>Header Files</Filter>
    </ClInclude>
    <ClInclude Include="include\ulti\everything.h">
      <Filter>Header Files</Filter>
    </ClInclude>
    <ClInclude Include="include\ulti\debug.h">
      <Filter>Header Files</Filter>
    </ClInclude>
    <ClInclude Include="include\file\file.h">
      <Filter>Header Files</Filter>
    </ClInclude>
  </ItemGroup>
</Project>